# THIS IS AN AUTOGENERATED FILE. DO NOT EDIT THIS FILE DIRECTLY.
# yarn lockfile v1


"@0xcert/ethereum-erc721@^1.10.0":
  version "1.10.0"
  resolved "https://registry.yarnpkg.com/@0xcert/ethereum-erc721/-/ethereum-erc721-1.10.0.tgz#ee4c4a18d4bcb70fce1c5948f4f3b60bd6ae4e92"
  integrity sha512-n5fkZKqBzwXmaKBEPcz9evLqd0uo3juIgc28vUa8h66gRY1WDEVVjfqaK4JxkdkGUfHeGsJ7xJbTxQgvGaCNLw==
  dependencies:
    "@0xcert/ethereum-utils" "^1.0.1"

"@0xcert/ethereum-utils@^1.0.1":
  version "1.1.0"
  resolved "https://registry.yarnpkg.com/@0xcert/ethereum-utils/-/ethereum-utils-1.1.0.tgz#6daf924ce3c6132b3fe10a8cd8873473b3c84009"
  integrity sha512-x7bl+QIhmlrZ83PdPGkn2G+DqR4JurzY26HpgK+dLoEKbh0boIraPS/bnLDOj1wbM+u40WKl3eIyUlpQ7qK9rg==

openzeppelin-solidity@^2.0.0:
  version "2.0.0"
  resolved "https://registry.yarnpkg.com/openzeppelin-solidity/-/openzeppelin-solidity-2.0.0.tgz#b45dddbdae090f89577598c1a7e7518df61b7ba2"
  integrity sha512-SolpxQFArtiYnlSNg3dZ9sz0WVlKtPqSOcJkXRllaZp4+Lpfqz3vxF0yoh7g75TszKPyadqoJmU7+GM/vwh9SA==
